
Microsoft Visual Studio Solution File, Format Version 12.00
# Visual Studio Version 16
VisualStudioVersion = 16.0.30114.105
MinimumVisualStudioVersion = 10.0.40219.1
Project("{FAE04EC0-301F-11D3-BF4B-00C04F79EFBC}") = "QR_code_scan", "QR_code_scan\QR_code_scan.csproj", "{372ABE8A-BDCD-47A7-9229-20131A379DFA}"
EndProject
Global
	GlobalSection(SolutionConfigurationPlatforms) = preSolution
		Debug|Any CPU = Debug|Any CPU
		Release|Any CPU = Release|Any CPU
	EndGlobalSection
	GlobalSection(ProjectConfigurationPlatforms) = postSolution
		{372ABE8A-BDCD-47A7-9229-20131A379DFA}.Debug|Any CPU.ActiveCfg = Debug|Any CPU
		{372ABE8A-BDCD-47A7-9229-20131A379DFA}.Debug|Any CPU.Build.0 = Debug|Any CPU
		{372ABE8A-BDCD-47A7-9229-20131A379DFA}.Release|Any CPU.ActiveCfg = Release|Any CPU
		{372ABE8A-BDCD-47A7-9229-20131A379DFA}.Release|Any CPU.Build.0 = Release|Any CPU
	EndGlobalSection
	GlobalSection(SolutionProperties) = preSolution
		HideSolutionNode = FALSE
	EndGlobalSection
	GlobalSection(ExtensibilityGlobals) = postSolution
		SolutionGuid = {23BFFED7-89CC-48A0-96B1-A65FC96BDF43}
	EndGlobalSection
EndGlobal
